
Microsoft Visual Studio Solution File, Format Version 12.00
# Visual Studio Version 17
VisualStudioVersion = 17.3.32819.101
MinimumVisualStudioVersion = 10.0.40219.1
Project("{FAE04EC0-301F-11D3-BF4B-00C04F79EFBC}") = "CustomConsole", "CustomConsole\CustomConsole.csproj", "{8EB0AFED-92F8-478A-89BD-F7C35E995322}"
EndProject
Global
	GlobalSection(SolutionConfigurationPlatforms) = preSolution
		Debug|Any CPU = Debug|Any CPU
		Release|Any CPU = Release|Any CPU
	EndGlobalSection
	GlobalSection(ProjectConfigurationPlatforms) = postSolution
		{8EB0AFED-92F8-478A-89BD-F7C35E995322}.Debug|Any CPU.ActiveCfg = Debug|Any CPU
		{8EB0AFED-92F8-478A-89BD-F7C35E995322}.Debug|Any CPU.Build.0 = Debug|Any CPU
		{8EB0AFED-92F8-478A-89BD-F7C35E995322}.Release|Any CPU.ActiveCfg = Release|Any CPU
		{8EB0AFED-92F8-478A-89BD-F7C35E995322}.Release|Any CPU.Build.0 = Release|Any CPU
	EndGlobalSection
	GlobalSection(SolutionProperties) = preSolution
		HideSolutionNode = FALSE
	EndGlobalSection
	GlobalSection(ExtensibilityGlobals) = postSolution
		SolutionGuid = {652F8922-816F-43D9-80AA-1A2E4DCE8F50}
	EndGlobalSection
EndGlobal
